
Microsoft Visual Studio Solution File, Format Version 12.00
# Visual Studio Version 17
VisualStudioVersion = 17.9.34723.18
MinimumVisualStudioVersion = 10.0.40219.1
Project("{9A19103F-16F7-4668-BE54-9A1E7A4F7556}") = "MarksClothes", "MarksClothes.csproj", "{FFFD3E41-97E8-4480-9FA6-342A58A8F2E1}"
EndProject
Global
	GlobalSection(SolutionConfigurationPlatforms) = preSolution
		Debug|Any CPU = Debug|Any CPU
		Release|Any CPU = Release|Any CPU
	EndGlobalSection
	GlobalSection(ProjectConfigurationPlatforms) = postSolution
		{FFFD3E41-97E8-4480-9FA6-342A58A8F2E1}.Debug|Any CPU.ActiveCfg = Debug|Any CPU
		{FFFD3E41-97E8-4480-9FA6-342A58A8F2E1}.Debug|Any CPU.Build.0 = Debug|Any CPU
		{FFFD3E41-97E8-4480-9FA6-342A58A8F2E1}.Release|Any CPU.ActiveCfg = Release|Any CPU
		{FFFD3E41-97E8-4480-9FA6-342A58A8F2E1}.Release|Any CPU.Build.0 = Release|Any CPU
	EndGlobalSection
	GlobalSection(SolutionProperties) = preSolution
		HideSolutionNode = FALSE
	EndGlobalSection
	GlobalSection(ExtensibilityGlobals) = postSolution
		SolutionGuid = {264ABE0E-EDEE-4BFE-8896-91A3250500D9}
	EndGlobalSection
EndGlobal
